
Microsoft Visual Studio Solution File, Format Version 12.00
Project("{FAE04EC0-301F-11D3-BF4B-00C04F79EFBC}") = "CommonStandardExtensions", "CommonStandardExtensions\CommonStandardExtensions.csproj", "{3A387A32-2205-40F5-AE88-F5F29CA200DA}"
EndProject
Project("{FAE04EC0-301F-11D3-BF4B-00C04F79EFBC}") = "CommonStandardExtensions_Test", "CommonStandardExtensions_Test\CommonStandardExtensions_Test.csproj", "{939FCCB2-EC83-42A8-A064-AC14A99576D1}"
EndProject
Global
	GlobalSection(SolutionConfigurationPlatforms) = preSolution
		Debug|Any CPU = Debug|Any CPU
		Release|Any CPU = Release|Any CPU
	EndGlobalSection
	GlobalSection(ProjectConfigurationPlatforms) = postSolution
		{3A387A32-2205-40F5-AE88-F5F29CA200DA}.Debug|Any CPU.ActiveCfg = Debug|Any CPU
		{3A387A32-2205-40F5-AE88-F5F29CA200DA}.Debug|Any CPU.Build.0 = Debug|Any CPU
		{3A387A32-2205-40F5-AE88-F5F29CA200DA}.Release|Any CPU.ActiveCfg = Release|Any CPU
		{3A387A32-2205-40F5-AE88-F5F29CA200DA}.Release|Any CPU.Build.0 = Release|Any CPU
		{939FCCB2-EC83-42A8-A064-AC14A99576D1}.Debug|Any CPU.ActiveCfg = Debug|Any CPU
		{939FCCB2-EC83-42A8-A064-AC14A99576D1}.Debug|Any CPU.Build.0 = Debug|Any CPU
		{939FCCB2-EC83-42A8-A064-AC14A99576D1}.Release|Any CPU.ActiveCfg = Release|Any CPU
		{939FCCB2-EC83-42A8-A064-AC14A99576D1}.Release|Any CPU.Build.0 = Release|Any CPU
	EndGlobalSection
EndGlobal
